
Microsoft Visual Studio Solution File, Format Version 12.00
# Visual Studio Version 16
VisualStudioVersion = 16.0.30804.86
MinimumVisualStudioVersion = 10.0.40219.1
Project("{FAE04EC0-301F-11D3-BF4B-00C04F79EFBC}") = "MyBook", "MyBookLibrary\MyBook.csproj", "{3D7A84DE-28C1-4267-A394-2D376C812DB5}"
EndProject
Project("{FAE04EC0-301F-11D3-BF4B-00C04F79EFBC}") = "MyBookLibrary01", "..\MyBookLibrary01\MyBookLibrary01.csproj", "{E78B63C5-D7DD-4755-930D-80342B839C33}"
EndProject
Global
	GlobalSection(SolutionConfigurationPlatforms) = preSolution
		Debug|Any CPU = Debug|Any CPU
		Release|Any CPU = Release|Any CPU
	EndGlobalSection
	GlobalSection(ProjectConfigurationPlatforms) = postSolution
		{3D7A84DE-28C1-4267-A394-2D376C812DB5}.Debug|Any CPU.ActiveCfg = Debug|Any CPU
		{3D7A84DE-28C1-4267-A394-2D376C812DB5}.Debug|Any CPU.Build.0 = Debug|Any CPU
		{3D7A84DE-28C1-4267-A394-2D376C812DB5}.Release|Any CPU.ActiveCfg = Release|Any CPU
		{3D7A84DE-28C1-4267-A394-2D376C812DB5}.Release|Any CPU.Build.0 = Release|Any CPU
		{E78B63C5-D7DD-4755-930D-80342B839C33}.Debug|Any CPU.ActiveCfg = Debug|Any CPU
		{E78B63C5-D7DD-4755-930D-80342B839C33}.Debug|Any CPU.Build.0 = Debug|Any CPU
		{E78B63C5-D7DD-4755-930D-80342B839C33}.Release|Any CPU.ActiveCfg = Release|Any CPU
		{E78B63C5-D7DD-4755-930D-80342B839C33}.Release|Any CPU.Build.0 = Release|Any CPU
	EndGlobalSection
	GlobalSection(SolutionProperties) = preSolution
		HideSolutionNode = FALSE
	EndGlobalSection
	GlobalSection(ExtensibilityGlobals) = postSolution
		SolutionGuid = {6F784650-9EE3-4225-A914-C68967246C50}
	EndGlobalSection
EndGlobal
